Microsoft Visual Studio Solution File, Format Version 12.00
# Visual Studio Version 16
VisualStudioVersion = 16.0.29215.179
MinimumVisualStudioVersion = 15.0.26124.0
Project("{9A19103F-16F7-4668-BE54-9A1E7A4F7556}") = "ru.lsreg.math", "ru.lsreg.math\ru.lsreg.math.csproj", "{4D448A7E-46F1-44FB-A769-849012C6A34E}"
EndProject
Project("{9A19103F-16F7-4668-BE54-9A1E7A4F7556}") = "ru.lsreg.math.test", "ru.lsreg.math.test\ru.lsreg.math.test.csproj", "{E962875A-647F-45C6-A91E-43580F0B1E12}"
EndProject
Global
	GlobalSection(SolutionConfigurationPlatforms) = preSolution
		Debug|Any CPU = Debug|Any CPU
		Debug|x64 = Debug|x64
		Debug|x86 = Debug|x86
		Release|Any CPU = Release|Any CPU
		Release|x64 = Release|x64
		Release|x86 = Release|x86
	EndGlobalSection
	GlobalSection(ProjectConfigurationPlatforms) = postSolution
		{4D448A7E-46F1-44FB-A769-849012C6A34E}.Debug|Any CPU.ActiveCfg = Debug|Any CPU
		{4D448A7E-46F1-44FB-A769-849012C6A34E}.Debug|Any CPU.Build.0 = Debug|Any CPU
		{4D448A7E-46F1-44FB-A769-849012C6A34E}.Debug|x64.ActiveCfg = Debug|Any CPU
		{4D448A7E-46F1-44FB-A769-849012C6A34E}.Debug|x64.Build.0 = Debug|Any CPU
		{4D448A7E-46F1-44FB-A769-849012C6A34E}.Debug|x86.ActiveCfg = Debug|Any CPU
		{4D448A7E-46F1-44FB-A769-849012C6A34E}.Debug|x86.Build.0 = Debug|Any CPU
		{4D448A7E-46F1-44FB-A769-849012C6A34E}.Release|Any CPU.ActiveCfg = Release|Any CPU
		{4D448A7E-46F1-44FB-A769-849012C6A34E}.Release|Any CPU.Build.0 = Release|Any CPU
		{4D448A7E-46F1-44FB-A769-849012C6A34E}.Release|x64.ActiveCfg = Release|Any CPU
		{4D448A7E-46F1-44FB-A769-849012C6A34E}.Release|x64.Build.0 = Release|Any CPU
		{4D448A7E-46F1-44FB-A769-849012C6A34E}.Release|x86.ActiveCfg = Release|Any CPU
		{4D448A7E-46F1-44FB-A769-849012C6A34E}.Release|x86.Build.0 = Release|Any CPU
		{E962875A-647F-45C6-A91E-43580F0B1E12}.Debug|Any CPU.ActiveCfg = Debug|Any CPU
		{E962875A-647F-45C6-A91E-43580F0B1E12}.Debug|Any CPU.Build.0 = Debug|Any CPU
		{E962875A-647F-45C6-A91E-43580F0B1E12}.Debug|x64.ActiveCfg = Debug|Any CPU
		{E962875A-647F-45C6-A91E-43580F0B1E12}.Debug|x64.Build.0 = Debug|Any CPU
		{E962875A-647F-45C6-A91E-43580F0B1E12}.Debug|x86.ActiveCfg = Debug|Any CPU
		{E962875A-647F-45C6-A91E-43580F0B1E12}.Debug|x86.Build.0 = Debug|Any CPU
		{E962875A-647F-45C6-A91E-43580F0B1E12}.Release|Any CPU.ActiveCfg = Release|Any CPU
		{E962875A-647F-45C6-A91E-43580F0B1E12}.Release|Any CPU.Build.0 = Release|Any CPU
		{E962875A-647F-45C6-A91E-43580F0B1E12}.Release|x64.ActiveCfg = Release|Any CPU
		{E962875A-647F-45C6-A91E-43580F0B1E12}.Release|x64.Build.0 = Release|Any CPU
		{E962875A-647F-45C6-A91E-43580F0B1E12}.Release|x86.ActiveCfg = Release|Any CPU
		{E962875A-647F-45C6-A91E-43580F0B1E12}.Release|x86.Build.0 = Release|Any CPU
	EndGlobalSection
	GlobalSection(SolutionProperties) = preSolution
		HideSolutionNode = FALSE
	EndGlobalSection
	GlobalSection(ExtensibilityGlobals) = postSolution
		SolutionGuid = {B0F67B1E-2F83-479C-98B4-83ED0E1ED651}
	EndGlobalSection
EndGlobal
