
Microsoft Visual Studio Solution File, Format Version 12.00
# Visual Studio 15
VisualStudioVersion = 15.0.26124.0
MinimumVisualStudioVersion = 15.0.26124.0
Project("{FAE04EC0-301F-11D3-BF4B-00C04F79EFBC}") = "ru.lsreg.math", "ru.lsreg.math\ru.lsreg.math.csproj", "{4D448A7E-46F1-44FB-A769-849012C6A34E}"
EndProject
Project("{FAE04EC0-301F-11D3-BF4B-00C04F79EFBC}") = "ru.lsreg.math.test", "ru.lsreg.math.test\ru.lsreg.math.test.csproj", "{E962875A-647F-45C6-A91E-43580F0B1E12}"
EndProject
Global
	GlobalSection(SolutionConfigurationPlatforms) = preSolution
		Debug|Any CPU = Debug|Any CPU
		Debug|x64 = Debug|x64
		Debug|x86 = Debug|x86
		Release|Any CPU = Release|Any CPU
		Release|x64 = Release|x64
		Release|x86 = Release|x86
	EndGlobalSection
	GlobalSection(SolutionProperties) = preSolution
		HideSolutionNode = FALSE
	EndGlobalSection
	GlobalSection(ProjectConfigurationPlatforms) = postSolution
		{4D448A7E-46F1-44FB-A769-849012C6A34E}.Debug|Any CPU.ActiveCfg = Debug|Any CPU
		{4D448A7E-46F1-44FB-A769-849012C6A34E}.Debug|Any CPU.Build.0 = Debug|Any CPU
		{4D448A7E-46F1-44FB-A769-849012C6A34E}.Debug|x64.ActiveCfg = Debug|x64
		{4D448A7E-46F1-44FB-A769-849012C6A34E}.Debug|x64.Build.0 = Debug|x64
		{4D448A7E-46F1-44FB-A769-849012C6A34E}.Debug|x86.ActiveCfg = Debug|x86
		{4D448A7E-46F1-44FB-A769-849012C6A34E}.Debug|x86.Build.0 = Debug|x86
		{4D448A7E-46F1-44FB-A769-849012C6A34E}.Release|Any CPU.ActiveCfg = Release|Any CPU
		{4D448A7E-46F1-44FB-A769-849012C6A34E}.Release|Any CPU.Build.0 = Release|Any CPU
		{4D448A7E-46F1-44FB-A769-849012C6A34E}.Release|x64.ActiveCfg = Release|x64
		{4D448A7E-46F1-44FB-A769-849012C6A34E}.Release|x64.Build.0 = Release|x64
		{4D448A7E-46F1-44FB-A769-849012C6A34E}.Release|x86.ActiveCfg = Release|x86
		{4D448A7E-46F1-44FB-A769-849012C6A34E}.Release|x86.Build.0 = Release|x86
		{E962875A-647F-45C6-A91E-43580F0B1E12}.Debug|Any CPU.ActiveCfg = Debug|Any CPU
		{E962875A-647F-45C6-A91E-43580F0B1E12}.Debug|Any CPU.Build.0 = Debug|Any CPU
		{E962875A-647F-45C6-A91E-43580F0B1E12}.Debug|x64.ActiveCfg = Debug|x64
		{E962875A-647F-45C6-A91E-43580F0B1E12}.Debug|x64.Build.0 = Debug|x64
		{E962875A-647F-45C6-A91E-43580F0B1E12}.Debug|x86.ActiveCfg = Debug|x86
		{E962875A-647F-45C6-A91E-43580F0B1E12}.Debug|x86.Build.0 = Debug|x86
		{E962875A-647F-45C6-A91E-43580F0B1E12}.Release|Any CPU.ActiveCfg = Release|Any CPU
		{E962875A-647F-45C6-A91E-43580F0B1E12}.Release|Any CPU.Build.0 = Release|Any CPU
		{E962875A-647F-45C6-A91E-43580F0B1E12}.Release|x64.ActiveCfg = Release|x64
		{E962875A-647F-45C6-A91E-43580F0B1E12}.Release|x64.Build.0 = Release|x64
		{E962875A-647F-45C6-A91E-43580F0B1E12}.Release|x86.ActiveCfg = Release|x86
		{E962875A-647F-45C6-A91E-43580F0B1E12}.Release|x86.Build.0 = Release|x86
	EndGlobalSection
EndGlobal
